
Microsoft Visual Studio Solution File, Format Version 12.00
# Visual Studio Version 17
VisualStudioVersion = 17.0.31919.166
MinimumVisualStudioVersion = 10.0.40219.1
Project("{2150E333-8FDC-42A3-9474-1A3956D46DE8}") = "src", "src", "{03A077B8-1985-4177-B946-FE66381DC5A3}"
EndProject
Project("{FAE04EC0-301F-11D3-BF4B-00C04F79EFBC}") = "Domain", "Domain\Domain.csproj", "{E9E81C69-55A3-4183-B827-C8A5F5CA106E}"
EndProject
Project("{FAE04EC0-301F-11D3-BF4B-00C04F79EFBC}") = "Application", "Application\Application.csproj", "{D5D219B8-0B07-4F14-91F7-2F65A81269D3}"
EndProject
Project("{FAE04EC0-301F-11D3-BF4B-00C04F79EFBC}") = "Infrastructure", "Infrastructure\Infrastructure.csproj", "{6D7A0D1C-754C-4DEC-BC5E-3F6D69DEF3AC}"
EndProject
Project("{FAE04EC0-301F-11D3-BF4B-00C04F79EFBC}") = "WebAPI", "WebAPI\WebAPI.csproj", "{BA3896CC-4759-4AC0-9DC7-EAE66F6B5C3C}"
EndProject
Global
	GlobalSection(SolutionConfigurationPlatforms) = preSolution
		Debug|Any CPU = Debug|Any CPU
		Release|Any CPU = Release|Any CPU
	EndGlobalSection
	GlobalSection(ProjectConfigurationPlatforms) = postSolution
		{E9E81C69-55A3-4183-B827-C8A5F5CA106E}.Debug|Any CPU.ActiveCfg = Debug|Any CPU
		{E9E81C69-55A3-4183-B827-C8A5F5CA106E}.Debug|Any CPU.Build.0 = Debug|Any CPU
		{E9E81C69-55A3-4183-B827-C8A5F5CA106E}.Release|Any CPU.ActiveCfg = Release|Any CPU
		{E9E81C69-55A3-4183-B827-C8A5F5CA106E}.Release|Any CPU.Build.0 = Release|Any CPU
		{D5D219B8-0B07-4F14-91F7-2F65A81269D3}.Debug|Any CPU.ActiveCfg = Debug|Any CPU
		{D5D219B8-0B07-4F14-91F7-2F65A81269D3}.Debug|Any CPU.Build.0 = Debug|Any CPU
		{D5D219B8-0B07-4F14-91F7-2F65A81269D3}.Release|Any CPU.ActiveCfg = Release|Any CPU
		{D5D219B8-0B07-4F14-91F7-2F65A81269D3}.Release|Any CPU.Build.0 = Release|Any CPU
		{6D7A0D1C-754C-4DEC-BC5E-3F6D69DEF3AC}.Debug|Any CPU.ActiveCfg = Debug|Any CPU
		{6D7A0D1C-754C-4DEC-BC5E-3F6D69DEF3AC}.Debug|Any CPU.Build.0 = Debug|Any CPU
		{6D7A0D1C-754C-4DEC-BC5E-3F6D69DEF3AC}.Release|Any CPU.ActiveCfg = Release|Any CPU
		{6D7A0D1C-754C-4DEC-BC5E-3F6D69DEF3AC}.Release|Any CPU.Build.0 = Release|Any CPU
		{BA3896CC-4759-4AC0-9DC7-EAE66F6B5C3C}.Debug|Any CPU.ActiveCfg = Debug|Any CPU
		{BA3896CC-4759-4AC0-9DC7-EAE66F6B5C3C}.Debug|Any CPU.Build.0 = Debug|Any CPU
		{BA3896CC-4759-4AC0-9DC7-EAE66F6B5C3C}.Release|Any CPU.ActiveCfg = Release|Any CPU
		{BA3896CC-4759-4AC0-9DC7-EAE66F6B5C3C}.Release|Any CPU.Build.0 = Release|Any CPU
	EndGlobalSection
	GlobalSection(SolutionProperties) = preSolution
		HideSolutionNode = FALSE
	EndGlobalSection
	GlobalSection(NestedProjects) = preSolution
		{E9E81C69-55A3-4183-B827-C8A5F5CA106E} = {03A077B8-1985-4177-B946-FE66381DC5A3}
		{D5D219B8-0B07-4F14-91F7-2F65A81269D3} = {03A077B8-1985-4177-B946-FE66381DC5A3}
		{6D7A0D1C-754C-4DEC-BC5E-3F6D69DEF3AC} = {03A077B8-1985-4177-B946-FE66381DC5A3}
		{BA3896CC-4759-4AC0-9DC7-EAE66F6B5C3C} = {03A077B8-1985-4177-B946-FE66381DC5A3}
	EndGlobalSection
	GlobalSection(ExtensibilityGlobals) = postSolution
		SolutionGuid = {7349DB34-4E31-4BAE-A9DC-8A44EEC00648}
	EndGlobalSection
EndGlobal
